{
  "name": "chall",
  "lockfileVersion": 3,
  "requires": true,
  "packages": {
    "": {
      "name": "chall",
      "dependencies": {
        "@hono/node-server": "^1.19.6",
        "devalue": "5.3.0",
        "hono": "^4.10.5"
      }
    },
    "node_modules/@hono/node-server": {
      "version": "1.19.6",
      "resolved": "https://registry.npmjs.org/@hono/node-server/-/node-server-1.19.6.tgz",
      "integrity": "sha512-Shz/KjlIeAhfiuE93NDKVdZ7HdBVLQAfdbaXEaoAVO3ic9ibRSLGIQGkcBbFyuLr+7/1D5ZCINM8B+6IvXeMtw==",
      "license": "MIT",
      "engines": {
        "node": ">=18.14.1"
      },
      "peerDependencies": {
        "hono": "^4"
      }
    },
    "node_modules/devalue": {
      "version": "5.3.0",
      "resolved": "https://registry.npmjs.org/devalue/-/devalue-5.3.0.tgz",
      "integrity": "sha512-kfnc27YbK54R0y1kVWHB7tBkxQcXQcxw0v2qhHe1vi//so5VXDd7leVjA75X6itfIxLxr5gY2wwOTYpWi+QcbQ==",
      "license": "MIT"
    },
    "node_modules/hono": {
      "version": "4.10.6",
      "resolved": "https://registry.npmjs.org/hono/-/hono-4.10.6.tgz",
      "integrity": "sha512-BIdolzGpDO9MQ4nu3AUuDwHZZ+KViNm+EZ75Ae55eMXMqLVhDFqEMXxtUe9Qh8hjL+pIna/frs2j6Y2yD5Ua/g==",
      "license": "MIT",
      "peer": true,
      "engines": {
        "node": ">=16.9.0"
      }
    }
  }
}
